
Microsoft Visual Studio Solution File, Format Version 12.00
# Visual Studio Version 16
VisualStudioVersion = 16.0.29519.181
MinimumVisualStudioVersion = 10.0.40219.1
Project("{8BC9CEB8-8B4A-11D0-8D11-00A0C91BC942}") = "ReliableUDP", "ReliableUDP\ReliableUDP.vcxproj", "{C5D51661-2CE3-47F0-BB3D-4AB158B0DF8F}"
EndProject
Global
	GlobalSection(SolutionConfigurationPlatforms) = preSolution
		Debug|x64 = Debug|x64
		Debug|x86 = Debug|x86
		Release|x64 = Release|x64
		Release|x86 = Release|x86
	EndGlobalSection
	GlobalSection(ProjectConfigurationPlatforms) = postSolution
		{C5D51661-2CE3-47F0-BB3D-4AB158B0DF8F}.Debug|x64.ActiveCfg = Debug|x64
		{C5D51661-2CE3-47F0-BB3D-4AB158B0DF8F}.Debug|x64.Build.0 = Debug|x64
		{C5D51661-2CE3-47F0-BB3D-4AB158B0DF8F}.Debug|x86.ActiveCfg = Debug|Win32
		{C5D51661-2CE3-47F0-BB3D-4AB158B0DF8F}.Debug|x86.Build.0 = Debug|Win32
		{C5D51661-2CE3-47F0-BB3D-4AB158B0DF8F}.Release|x64.ActiveCfg = Release|x64
		{C5D51661-2CE3-47F0-BB3D-4AB158B0DF8F}.Release|x64.Build.0 = Release|x64
		{C5D51661-2CE3-47F0-BB3D-4AB158B0DF8F}.Release|x86.ActiveCfg = Release|Win32
		{C5D51661-2CE3-47F0-BB3D-4AB158B0DF8F}.Release|x86.Build.0 = Release|Win32
	EndGlobalSection
	GlobalSection(SolutionProperties) = preSolution
		HideSolutionNode = FALSE
	EndGlobalSection
	GlobalSection(ExtensibilityGlobals) = postSolution
		SolutionGuid = {24FB0B7E-397E-443A-B103-860BDE3B7E8E}
	EndGlobalSection
EndGlobal
